// !$*UTF8*$!
{
	archiveVersion = 1;
	classes = {
	};
	objectVersion = 50;
	objects = {

/* Begin PBXBuildFile section */
		D84E57A020E3219100EC6FB8 /* AppDelegate.swift in Sources */ = {isa = PBXBuildFile; fileRef = D84E579F20E3219100EC6FB8 /* AppDelegate.swift */; };
		D84E57A720E3219500EC6FB8 /* Assets.xcassets in Resources */ = {isa = PBXBuildFile; fileRef = D84E57A620E3219500EC6FB8 /* Assets.xcassets */; };
		D84E57AA20E3219500EC6FB8 /* LaunchScreen.storyboard in Resources */ = {isa = PBXBuildFile; fileRef = D84E57A820E3219500EC6FB8 /* LaunchScreen.storyboard */; };
		D84E57B520E3219600EC6FB8 /* DNDNativeTests.swift in Sources */ = {isa = PBXBuildFile; fileRef = D84E57B420E3219600EC6FB8 /* DNDNativeTests.swift */; };
		D84E57C120E321AF00EC6FB8 /* MainViewController.swift in Sources */ = {isa = PBXBuildFile; fileRef = D84E57BF20E321AF00EC6FB8 /* MainViewController.swift */; };
		D84E57C220E321AF00EC6FB8 /* MainViewController.xib in Resources */ = {isa = PBXBuildFile; fileRef = D84E57C020E321AF00EC6FB8 /* MainViewController.xib */; };
		D84E57C520E322AC00EC6FB8 /* TableViewCell.swift in Sources */ = {isa = PBXBuildFile; fileRef = D84E57C320E322AC00EC6FB8 /* TableViewCell.swift */; };
		D84E57C620E322AC00EC6FB8 /* TableViewCell.xib in Resources */ = {isa = PBXBuildFile; fileRef = D84E57C420E322AC00EC6FB8 /* TableViewCell.xib */; };
/* End PBXBuildFile section */

/* Begin PBXContainerItemProxy section */
		D84E57B120E3219600EC6FB8 /* PBXContainerItemProxy */ = {
			isa = PBXContainerItemProxy;
			containerPortal = D84E579420E3219100EC6FB8 /* Project object */;
			proxyType = 1;
			remoteGlobalIDString = D84E579B20E3219100EC6FB8;
			remoteInfo = DNDNative;
		};
/* End PBXContainerItemProxy section */

/* Begin PBXFileReference section */
		D84E579C20E3219100EC6FB8 /* DNDNative.app */ = {isa = PBXFileReference; explicitFileType = wrapper.application; includeInIndex = 0; path = DNDNative.app; sourceTree = BUILT_PRODUCTS_DIR; };
		D84E579F20E3219100EC6FB8 /* AppDelegate.swift */ = {isa = PBXFileReference; lastKnownFileType = sourcecode.swift; path = AppDelegate.swift; sourceTree = "<group>"; };
		D84E57A620E3219500EC6FB8 /* Assets.xcassets */ = {isa = PBXFileReference; lastKnownFileType = folder.assetcatalog; path = Assets.xcassets; sourceTree = "<group>"; };
		D84E57A920E3219500EC6FB8 /* Base */ = {isa = PBXFileReference; lastKnownFileType = file.storyboard; name = Base; path = Base.lproj/LaunchScreen.storyboard; sourceTree = "<group>"; };
		D84E57AB20E3219500EC6FB8 /* Info.plist */ = {isa = PBXFileReference; lastKnownFileType = text.plist.xml; path = Info.plist; sourceTree = "<group>"; };
		D84E57B020E3219600EC6FB8 /* DNDNativeTests.xctest */ = {isa = PBXFileReference; explicitFileType = wrapper.cfbundle; includeInIndex = 0; path = DNDNativeTests.xctest; sourceTree = BUILT_PRODUCTS_DIR; };
		D84E57B420E3219600EC6FB8 /* DNDNativeTests.swift */ = {isa = PBXFileReference; lastKnownFileType = sourcecode.swift; path = DNDNativeTests.swift; sourceTree = "<group>"; };
		D84E57B620E3219600EC6FB8 /* Info.plist */ = {isa = PBXFileReference; lastKnownFileType = text.plist.xml; path = Info.plist; sourceTree = "<group>"; };
		D84E57BF20E321AF00EC6FB8 /* MainViewController.swift */ = {isa = PBXFileReference; lastKnownFileType = sourcecode.swift; path = MainViewController.swift; sourceTree = "<group>"; };
		D84E57C020E321AF00EC6FB8 /* MainViewController.xib */ = {isa = PBXFileReference; lastKnownFileType = file.xib; path = MainViewController.xib; sourceTree = "<group>"; };
		D84E57C320E322AC00EC6FB8 /* TableViewCell.swift */ = {isa = PBXFileReference; lastKnownFileType = sourcecode.swift; path = TableViewCell.swift; sourceTree = "<group>"; };
		D84E57C420E322AC00EC6FB8 /* TableViewCell.xib */ = {isa = PBXFileReference; lastKnownFileType = file.xib; path = TableViewCell.xib; sourceTree = "<group>"; };
/* End PBXFileReference section */

/* Begin PBXFrameworksBuildPhase section */
		D84E579920E3219100EC6FB8 /* Frameworks */ = {
			isa = PBXFrameworksBuildPhase;
			buildActionMask = 2147483647;
			files = (
			);
			runOnlyForDeploymentPostprocessing = 0;
		};
		D84E57AD20E3219600EC6FB8 /* Frameworks */ = {
			isa = PBXFrameworksBuildPhase;
			buildActionMask = 2147483647;
			files = (
			);
			runOnlyForDeploymentPostprocessing = 0;
		};
/* End PBXFrameworksBuildPhase section */

/* Begin PBXGroup section */
		D84E579320E3219100EC6FB8 = {
			isa = PBXGroup;
			children = (
				D84E579E20E3219100EC6FB8 /* DNDNative */,
				D84E57B320E3219600EC6FB8 /* DNDNativeTests */,
				D84E579D20E3219100EC6FB8 /* Products */,
			);
			sourceTree = "<group>";
		};
		D84E579D20E3219100EC6FB8 /* Products */ = {
			isa = PBXGroup;
			children = (
				D84E579C20E3219100EC6FB8 /* DNDNative.app */,
				D84E57B020E3219600EC6FB8 /* DNDNativeTests.xctest */,
			);
			name = Products;
			sourceTree = "<group>";
		};
		D84E579E20E3219100EC6FB8 /* DNDNative */ = {
			isa = PBXGroup;
			children = (
				D84E579F20E3219100EC6FB8 /* AppDelegate.swift */,
				D84E57BF20E321AF00EC6FB8 /* MainViewController.swift */,
				D84E57C020E321AF00EC6FB8 /* MainViewController.xib */,
				D84E57A620E3219500EC6FB8 /* Assets.xcassets */,
				D84E57A820E3219500EC6FB8 /* LaunchScreen.storyboard */,
				D84E57AB20E3219500EC6FB8 /* Info.plist */,
				D84E57C320E322AC00EC6FB8 /* TableViewCell.swift */,
				D84E57C420E322AC00EC6FB8 /* TableViewCell.xib */,
			);
			path = DNDNative;
			sourceTree = "<group>";
		};
		D84E57B320E3219600EC6FB8 /* DNDNativeTests */ = {
			isa = PBXGroup;
			children = (
				D84E57B420E3219600EC6FB8 /* DNDNativeTests.swift */,
				D84E57B620E3219600EC6FB8 /* Info.plist */,
			);
			path = DNDNativeTests;
			sourceTree = "<group>";
		};
/* End PBXGroup section */

/* Begin PBXNativeTarget section */
		D84E579B20E3219100EC6FB8 /* DNDNative */ = {
			isa = PBXNativeTarget;
			buildConfigurationList = D84E57B920E3219600EC6FB8 /* Build configuration list for PBXNativeTarget "DNDNative" */;
			buildPhases = (
				D84E579820E3219100EC6FB8 /* Sources */,
				D84E579920E3219100EC6FB8 /* Frameworks */,
				D84E579A20E3219100EC6FB8 /* Resources */,
			);
			buildRules = (
			);
			dependencies = (
			);
			name = DNDNative;
			productName = DNDNative;
			productReference = D84E579C20E3219100EC6FB8 /* DNDNative.app */;
			productType = "com.apple.product-type.application";
		};
		D84E57AF20E3219600EC6FB8 /* DNDNativeTests */ = {
			isa = PBXNativeTarget;
			buildConfigurationList = D84E57BC20E3219600EC6FB8 /* Build configuration list for PBXNativeTarget "DNDNativeTests" */;
			buildPhases = (
				D84E57AC20E3219600EC6FB8 /* Sources */,
				D84E57AD20E3219600EC6FB8 /* Frameworks */,
				D84E57AE20E3219600EC6FB8 /* Resources */,
			);
			buildRules = (
			);
			dependencies = (
				D84E57B220E3219600EC6FB8 /* PBXTargetDependency */,
			);
			name = DNDNativeTests;
			productName = DNDNativeTests;
			productReference = D84E57B020E3219600EC6FB8 /* DNDNativeTests.xctest */;
			productType = "com.apple.product-type.bundle.unit-test";
		};
/* End PBXNativeTarget section */

/* Begin PBXProject section */
		D84E579420E3219100EC6FB8 /* Project object */ = {
			isa = PBXProject;
			attributes = {
				LastSwiftUpdateCheck = 0930;
				LastUpgradeCheck = 0930;
				ORGANIZATIONNAME = AshleyNg;
				TargetAttributes = {
					D84E579B20E3219100EC6FB8 = {
						CreatedOnToolsVersion = 9.3;
					};
					D84E57AF20E3219600EC6FB8 = {
						CreatedOnToolsVersion = 9.3;
						TestTargetID = D84E579B20E3219100EC6FB8;
					};
				};
			};
			buildConfigurationList = D84E579720E3219100EC6FB8 /* Build configuration list for PBXProject "DNDNative" */;
			compatibilityVersion = "Xcode 9.3";
			developmentRegion = en;
			hasScannedForEncodings = 0;
			knownRegions = (
				en,
				Base,
			);
			mainGroup = D84E579320E3219100EC6FB8;
			productRefGroup = D84E579D20E3219100EC6FB8 /* Products */;
			projectDirPath = "";
			projectRoot = "";
			targets = (
				D84E579B20E3219100EC6FB8 /* DNDNative */,
				D84E57AF20E3219600EC6FB8 /* DNDNativeTests */,
			);
		};
/* End PBXProject section */

/* Begin PBXResourcesBuildPhase section */
		D84E579A20E3219100EC6FB8 /* Resources */ = {
			isa = PBXResourcesBuildPhase;
			buildActionMask = 2147483647;
			files = (
				D84E57AA20E3219500EC6FB8 /* LaunchScreen.storyboard in Resources */,
				D84E57C620E322AC00EC6FB8 /* TableViewCell.xib in Resources */,
				D84E57A720E3219500EC6FB8 /* Assets.xcassets in Resources */,
				D84E57C220E321AF00EC6FB8 /* MainViewController.xib in Resources */,
			);
			runOnlyForDeploymentPostprocessing = 0;
		};
		D84E57AE20E3219600EC6FB8 /* Resources */ = {
			isa = PBXResourcesBuildPhase;
			buildActionMask = 2147483647;
			files = (
			);
			runOnlyForDeploymentPostprocessing = 0;
		};
/* End PBXResourcesBuildPhase section */

/* Begin PBXSourcesBuildPhase section */
		D84E579820E3219100EC6FB8 /* Sources */ = {
			isa = PBXSourcesBuildPhase;
			buildActionMask = 2147483647;
			files = (
				D84E57C520E322AC00EC6FB8 /* TableViewCell.swift in Sources */,
				D84E57C120E321AF00EC6FB8 /* MainViewController.swift in Sources */,
				D84E57A020E3219100EC6FB8 /* AppDelegate.swift in Sources */,
			);
			runOnlyForDeploymentPostprocessing = 0;
		};
		D84E57AC20E3219600EC6FB8 /* Sources */ = {
			isa = PBXSourcesBuildPhase;
			buildActionMask = 2147483647;
			files = (
				D84E57B520E3219600EC6FB8 /* DNDNativeTests.swift in Sources */,
			);
			runOnlyForDeploymentPostprocessing = 0;
		};
/* End PBXSourcesBuildPhase section */

/* Begin PBXTargetDependency section */
		D84E57B220E3219600EC6FB8 /* PBXTargetDependency */ = {
			isa = PBXTargetDependency;
			target = D84E579B20E3219100EC6FB8 /* DNDNative */;
			targetProxy = D84E57B120E3219600EC6FB8 /* PBXContainerItemProxy */;
		};
/* End PBXTargetDependency section */

/* Begin PBXVariantGroup section */
		D84E57A820E3219500EC6FB8 /* LaunchScreen.storyboard */ = {
			isa = PBXVariantGroup;
			children = (
				D84E57A920E3219500EC6FB8 /* Base */,
			);
			name = LaunchScreen.storyboard;
			sourceTree = "<group>";
		};
/* End PBXVariantGroup section */

/* Begin XCBuildConfiguration section */
		D84E57B720E3219600EC6FB8 /* Debug */ = {
			isa = XCBuildConfiguration;
			buildSettings = {
				ALWAYS_SEARCH_USER_PATHS = NO;
				CLANG_ANALYZER_NONNULL = YES;
				CLANG_ANALYZER_NUMBER_OBJECT_CONVERSION = YES_AGGRESSIVE;
				CLANG_CXX_LANGUAGE_STANDARD = "gnu++14";
				CLANG_CXX_LIBRARY = "libc++";
				CLANG_ENABLE_MODULES = YES;
				CLANG_ENABLE_OBJC_ARC = YES;
				CLANG_ENABLE_OBJC_WEAK = YES;
				CLANG_WARN_BLOCK_CAPTURE_AUTORELEASING = YES;
				CLANG_WARN_BOOL_CONVERSION = YES;
				CLANG_WARN_COMMA = YES;
				CLANG_WARN_CONSTANT_CONVERSION = YES;
				CLANG_WARN_DEPRECATED_OBJC_IMPLEMENTATIONS = YES;
				CLANG_WARN_DIRECT_OBJC_ISA_USAGE = YES_ERROR;
				CLANG_WARN_DOCUMENTATION_COMMENTS = YES;
				CLANG_WARN_EMPTY_BODY = YES;
				CLANG_WARN_ENUM_CONVERSION = YES;
				CLANG_WARN_INFINITE_RECURSION = YES;
				CLANG_WARN_INT_CONVERSION = YES;
				CLANG_WARN_NON_LITERAL_NULL_CONVERSION = YES;
				CLANG_WARN_OBJC_IMPLICIT_RETAIN_SELF = YES;
				CLANG_WARN_OBJC_LITERAL_CONVERSION = YES;
				CLANG_WARN_OBJC_ROOT_CLASS = YES_ERROR;
				CLANG_WARN_RANGE_LOOP_ANALYSIS = YES;
				CLANG_WARN_STRICT_PROTOTYPES = YES;
				CLANG_WARN_SUSPICIOUS_MOVE = YES;
				CLANG_WARN_UNGUARDED_AVAILABILITY = YES_AGGRESSIVE;
				CLANG_WARN_UNREACHABLE_CODE = YES;
				CLANG_WARN__DUPLICATE_METHOD_MATCH = YES;
				CODE_SIGN_IDENTITY = "iPhone Developer";
				COPY_PHASE_STRIP = NO;
				DEBUG_INFORMATION_FORMAT = dwarf;
				ENABLE_STRICT_OBJC_MSGSEND = YES;
				ENABLE_TESTABILITY = YES;
				GCC_C_LANGUAGE_STANDARD = gnu11;
				GCC_DYNAMIC_NO_PIC = NO;
				GCC_NO_COMMON_BLOCKS = YES;
				GCC_OPTIMIZATION_LEVEL = 0;
				GCC_PREPROCESSOR_DEFINITIONS = (
					"DEBUG=1",
					"$(inherited)",
				);
				GCC_WARN_64_TO_32_BIT_CONVERSION = YES;
				GCC_WARN_ABOUT_RETURN_TYPE = YES_ERROR;
				GCC_WARN_UNDECLARED_SELECTOR = YES;
				GCC_WARN_UNINITIALIZED_AUTOS = YES_AGGRESSIVE;
				GCC_WARN_UNUSED_FUNCTION = YES;
				GCC_WARN_UNUSED_VARIABLE = YES;
				IPHONEOS_DEPLOYMENT_TARGET = 11.3;
				MTL_ENABLE_DEBUG_INFO = YES;
				ONLY_ACTIVE_ARCH = YES;
				SDKROOT = iphoneos;
				SWIFT_ACTIVE_COMPILATION_CONDITIONS = DEBUG;
				SWIFT_OPTIMIZATION_LEVEL = "-Onone";
			};
			name = Debug;
		};
		D84E57B820E3219600EC6FB8 /* Release */ = {
			isa = XCBuildConfiguration;
			buildSettings = {
				ALWAYS_SEARCH_USER_PATHS = NO;
				CLANG_ANALYZER_NONNULL = YES;
				CLANG_ANALYZER_NUMBER_OBJECT_CONVERSION = YES_AGGRESSIVE;
				CLANG_CXX_LANGUAGE_STANDARD = "gnu++14";
				CLANG_CXX_LIBRARY = "libc++";
				CLANG_ENABLE_MODULES = YES;
				CLANG_ENABLE_OBJC_ARC = YES;
				CLANG_ENABLE_OBJC_WEAK = YES;
				CLANG_WARN_BLOCK_CAPTURE_AUTORELEASING = YES;
				CLANG_WARN_BOOL_CONVERSION = YES;
				CLANG_WARN_COMMA = YES;
				CLANG_WARN_CONSTANT_CONVERSION = YES;
				CLANG_WARN_DEPRECATED_OBJC_IMPLEMENTATIONS = YES;
				CLANG_WARN_DIRECT_OBJC_ISA_USAGE = YES_ERROR;
				CLANG_WARN_DOCUMENTATION_COMMENTS = YES;
				CLANG_WARN_EMPTY_BODY = YES;
				CLANG_WARN_ENUM_CONVERSION = YES;
				CLANG_WARN_INFINITE_RECURSION = YES;
				CLANG_WARN_INT_CONVERSION = YES;
				CLANG_WARN_NON_LITERAL_NULL_CONVERSION = YES;
				CLANG_WARN_OBJC_IMPLICIT_RETAIN_SELF = YES;
				CLANG_WARN_OBJC_LITERAL_CONVERSION = YES;
				CLANG_WARN_OBJC_ROOT_CLASS = YES_ERROR;
				CLANG_WARN_RANGE_LOOP_ANALYSIS = YES;
				CLANG_WARN_STRICT_PROTOTYPES = YES;
				CLANG_WARN_SUSPICIOUS_MOVE = YES;
				CLANG_WARN_UNGUARDED_AVAILABILITY = YES_AGGRESSIVE;
				CLANG_WARN_UNREACHABLE_CODE = YES;
				CLANG_WARN__DUPLICATE_METHOD_MATCH = YES;
				CODE_SIGN_IDENTITY = "iPhone Developer";
				COPY_PHASE_STRIP = NO;
				DEBUG_INFORMATION_FORMAT = "dwarf-with-dsym";
				ENABLE_NS_ASSERTIONS = NO;
				ENABLE_STRICT_OBJC_MSGSEND = YES;
				GCC_C_LANGUAGE_STANDARD = gnu11;
				GCC_NO_COMMON_BLOCKS = YES;
				GCC_WARN_64_TO_32_BIT_CONVERSION = YES;
				GCC_WARN_ABOUT_RETURN_TYPE = YES_ERROR;
				GCC_WARN_UNDECLARED_SELECTOR = YES;
				GCC_WARN_UNINITIALIZED_AUTOS = YES_AGGRESSIVE;
				GCC_WARN_UNUSED_FUNCTION = YES;
				GCC_WARN_UNUSED_VARIABLE = YES;
				IPHONEOS_DEPLOYMENT_TARGET = 11.3;
				MTL_ENABLE_DEBUG_INFO = NO;
				SDKROOT = iphoneos;
				SWIFT_COMPILATION_MODE = wholemodule;
				SWIFT_OPTIMIZATION_LEVEL = "-O";
				VALIDATE_PRODUCT = YES;
			};
			name = Release;
		};
		D84E57BA20E3219600EC6FB8 /* Debug */ = {
			isa = XCBuildConfiguration;
			buildSettings = {
				ASSETCATALOG_COMPILER_APPICON_NAME = AppIcon;
				CODE_SIGN_STYLE = Automatic;
				DEVELOPMENT_TEAM = TCYT7HZQSV;
				INFOPLIST_FILE = DNDNative/Info.plist;
				IPHONEOS_DEPLOYMENT_TARGET = 11.2;
				LD_RUNPATH_SEARCH_PATHS = (
					"$(inherited)",
					"@executable_path/Frameworks",
				);
				PRODUCT_BUNDLE_IDENTIFIER = com.hudl.asheyng.DNDNative;
				PRODUCT_NAME = "$(TARGET_NAME)";
				SWIFT_VERSION = 4.0;
				TARGETED_DEVICE_FAMILY = "1,2";
			};
			name = Debug;
		};
		D84E57BB20E3219600EC6FB8 /* Release */ = {
			isa = XCBuildConfiguration;
			buildSettings = {
				ASSETCATALOG_COMPILER_APPICON_NAME = AppIcon;
				CODE_SIGN_STYLE = Automatic;
				DEVELOPMENT_TEAM = TCYT7HZQSV;
				INFOPLIST_FILE = DNDNative/Info.plist;
				IPHONEOS_DEPLOYMENT_TARGET = 11.2;
				LD_RUNPATH_SEARCH_PATHS = (
					"$(inherited)",
					"@executable_path/Frameworks",
				);
				PRODUCT_BUNDLE_IDENTIFIER = com.hudl.asheyng.DNDNative;
				PRODUCT_NAME = "$(TARGET_NAME)";
				SWIFT_VERSION = 4.0;
				TARGETED_DEVICE_FAMILY = "1,2";
			};
			name = Release;
		};
		D84E57BD20E3219600EC6FB8 /* Debug */ = {
			isa = XCBuildConfiguration;
			buildSettings = {
				ALWAYS_EMBED_SWIFT_STANDARD_LIBRARIES = YES;
				BUNDLE_LOADER = "$(TEST_HOST)";
				CODE_SIGN_STYLE = Automatic;
				DEVELOPMENT_TEAM = TCYT7HZQSV;
				INFOPLIST_FILE = DNDNativeTests/Info.plist;
				LD_RUNPATH_SEARCH_PATHS = (
					"$(inherited)",
					"@executable_path/Frameworks",
					"@loader_path/Frameworks",
				);
				PRODUCT_BUNDLE_IDENTIFIER = com.hudl.asheyng.DNDNativeTests;
				PRODUCT_NAME = "$(TARGET_NAME)";
				SWIFT_VERSION = 4.0;
				TARGETED_DEVICE_FAMILY = "1,2";
				TEST_HOST = "$(BUILT_PRODUCTS_DIR)/DNDNative.app/DNDNative";
			};
			name = Debug;
		};
		D84E57BE20E3219600EC6FB8 /* Release */ = {
			isa = XCBuildConfiguration;
			buildSettings = {
				ALWAYS_EMBED_SWIFT_STANDARD_LIBRARIES = YES;
				BUNDLE_LOADER = "$(TEST_HOST)";
				CODE_SIGN_STYLE = Automatic;
				DEVELOPMENT_TEAM = TCYT7HZQSV;
				INFOPLIST_FILE = DNDNativeTests/Info.plist;
				LD_RUNPATH_SEARCH_PATHS = (
					"$(inherited)",
					"@executable_path/Frameworks",
					"@loader_path/Frameworks",
				);
				PRODUCT_BUNDLE_IDENTIFIER = com.hudl.asheyng.DNDNativeTests;
				PRODUCT_NAME = "$(TARGET_NAME)";
				SWIFT_VERSION = 4.0;
				TARGETED_DEVICE_FAMILY = "1,2";
				TEST_HOST = "$(BUILT_PRODUCTS_DIR)/DNDNative.app/DNDNative";
			};
			name = Release;
		};
/* End XCBuildConfiguration section */

/* Begin XCConfigurationList section */
		D84E579720E3219100EC6FB8 /* Build configuration list for PBXProject "DNDNative" */ = {
			isa = XCConfigurationList;
			buildConfigurations = (
				D84E57B720E3219600EC6FB8 /* Debug */,
				D84E57B820E3219600EC6FB8 /* Release */,
			);
			defaultConfigurationIsVisible = 0;
			defaultConfigurationName = Release;
		};
		D84E57B920E3219600EC6FB8 /* Build configuration list for PBXNativeTarget "DNDNative" */ = {
			isa = XCConfigurationList;
			buildConfigurations = (
				D84E57BA20E3219600EC6FB8 /* Debug */,
				D84E57BB20E3219600EC6FB8 /* Release */,
			);
			defaultConfigurationIsVisible = 0;
			defaultConfigurationName = Release;
		};
		D84E57BC20E3219600EC6FB8 /* Build configuration list for PBXNativeTarget "DNDNativeTests" */ = {
			isa = XCConfigurationList;
			buildConfigurations = (
				D84E57BD20E3219600EC6FB8 /* Debug */,
				D84E57BE20E3219600EC6FB8 /* Release */,
			);
			defaultConfigurationIsVisible = 0;
			defaultConfigurationName = Release;
		};
/* End XCConfigurationList section */
	};
	rootObject = D84E579420E3219100EC6FB8 /* Project object */;
}
